
Microsoft Visual Studio Solution File, Format Version 12.00
# Visual Studio Version 17
VisualStudioVersion = 17.12.35521.163 d17.12
MinimumVisualStudioVersion = 10.0.40219.1
Project("{FAE04EC0-301F-11D3-BF4B-00C04F79EFBC}") = "System.Application", "System.Application\System.Application.csproj", "{4F2D6187-3202-4B23-B62B-86F3EAB97567}"
EndProject
Project("{FAE04EC0-301F-11D3-BF4B-00C04F79EFBC}") = "System.Domain", "System.Domain\System.Domain.csproj", "{19CBB539-31CC-49D5-B9D3-E3236F8C3055}"
EndProject
Project("{FAE04EC0-301F-11D3-BF4B-00C04F79EFBC}") = "System.Infrastructure", "System.Infrastructure\System.Infrastructure.csproj", "{762D2546-17C0-48AE-8B3F-7F6968F6F7EF}"
EndProject
Project("{FAE04EC0-301F-11D3-BF4B-00C04F79EFBC}") = "System.WebAPI", "System.WebAPI\System.WebAPI.csproj", "{2C8BF596-D1ED-4D28-8646-C8637EEE1E75}"
EndProject
Global
	GlobalSection(SolutionConfigurationPlatforms) = preSolution
		Debug|Any CPU = Debug|Any CPU
		Release|Any CPU = Release|Any CPU
	EndGlobalSection
	GlobalSection(ProjectConfigurationPlatforms) = postSolution
		{4F2D6187-3202-4B23-B62B-86F3EAB97567}.Debug|Any CPU.ActiveCfg = Debug|Any CPU
		{4F2D6187-3202-4B23-B62B-86F3EAB97567}.Debug|Any CPU.Build.0 = Debug|Any CPU
		{4F2D6187-3202-4B23-B62B-86F3EAB97567}.Release|Any CPU.ActiveCfg = Release|Any CPU
		{4F2D6187-3202-4B23-B62B-86F3EAB97567}.Release|Any CPU.Build.0 = Release|Any CPU
		{19CBB539-31CC-49D5-B9D3-E3236F8C3055}.Debug|Any CPU.ActiveCfg = Debug|Any CPU
		{19CBB539-31CC-49D5-B9D3-E3236F8C3055}.Debug|Any CPU.Build.0 = Debug|Any CPU
		{19CBB539-31CC-49D5-B9D3-E3236F8C3055}.Release|Any CPU.ActiveCfg = Release|Any CPU
		{19CBB539-31CC-49D5-B9D3-E3236F8C3055}.Release|Any CPU.Build.0 = Release|Any CPU
		{762D2546-17C0-48AE-8B3F-7F6968F6F7EF}.Debug|Any CPU.ActiveCfg = Debug|Any CPU
		{762D2546-17C0-48AE-8B3F-7F6968F6F7EF}.Debug|Any CPU.Build.0 = Debug|Any CPU
		{762D2546-17C0-48AE-8B3F-7F6968F6F7EF}.Release|Any CPU.ActiveCfg = Release|Any CPU
		{762D2546-17C0-48AE-8B3F-7F6968F6F7EF}.Release|Any CPU.Build.0 = Release|Any CPU
		{2C8BF596-D1ED-4D28-8646-C8637EEE1E75}.Debug|Any CPU.ActiveCfg = Debug|Any CPU
		{2C8BF596-D1ED-4D28-8646-C8637EEE1E75}.Debug|Any CPU.Build.0 = Debug|Any CPU
		{2C8BF596-D1ED-4D28-8646-C8637EEE1E75}.Release|Any CPU.ActiveCfg = Release|Any CPU
		{2C8BF596-D1ED-4D28-8646-C8637EEE1E75}.Release|Any CPU.Build.0 = Release|Any CPU
	EndGlobalSection
	GlobalSection(SolutionProperties) = preSolution
		HideSolutionNode = FALSE
	EndGlobalSection
EndGlobal
